
Microsoft Visual Studio Solution File, Format Version 12.00
# Visual Studio 15
VisualStudioVersion = 15.0.27703.2026
MinimumVisualStudioVersion = 10.0.40219.1
Project("{9A19103F-16F7-4668-BE54-9A1E7A4F7556}") = "MSBLOC.Core", "MSBLOC.Core\MSBLOC.Core.csproj", "{3F926502-1D86-45B8-B222-056C1E766440}"
EndProject
Project("{9A19103F-16F7-4668-BE54-9A1E7A4F7556}") = "MSBLOC.Web", "MSBLOC.Web\MSBLOC.Web.csproj", "{AE876DF7-7EB1-4461-B9EE-CB294EFE06F0}"
EndProject
Project("{9A19103F-16F7-4668-BE54-9A1E7A4F7556}") = "MSBLOC.Web.Tests", "MSBLOC.Web.Tests\MSBLOC.Web.Tests.csproj", "{B14902B1-FEDA-4134-B9D3-99F5B0D76CCC}"
EndProject
Project("{9A19103F-16F7-4668-BE54-9A1E7A4F7556}") = "MSBLOC.Core.Tests", "MSBLOC.Core.Tests\MSBLOC.Core.Tests.csproj", "{F173BCB1-26C7-4688-B517-AA03740762DB}"
	ProjectSection(ProjectDependencies) = postProject
		{3F926502-1D86-45B8-B222-056C1E766440} = {3F926502-1D86-45B8-B222-056C1E766440}
	EndProjectSection
EndProject
Project("{9A19103F-16F7-4668-BE54-9A1E7A4F7556}") = "MSBLOC.Core.IntegrationTests", "MSBLOC.Core.IntegrationTests\MSBLOC.Core.IntegrationTests.csproj", "{DCD121DF-91AD-413B-ADDF-CBFC0DF55C18}"
	ProjectSection(ProjectDependencies) = postProject
		{3F926502-1D86-45B8-B222-056C1E766440} = {3F926502-1D86-45B8-B222-056C1E766440}
	EndProjectSection
EndProject
Project("{2150E333-8FDC-42A3-9474-1A3956D46DE8}") = "Solution Items", "Solution Items", "{F5F7D2C9-E170-451F-B4D0-B32904C7A7C5}"
	ProjectSection(SolutionItems) = preProject
		.gitattributes = .gitattributes
		.gitignore = .gitignore
		appveyor.yml = appveyor.yml
		README.md = README.md
	EndProjectSection
EndProject
Global
	GlobalSection(SolutionConfigurationPlatforms) = preSolution
		Debug|Any CPU = Debug|Any CPU
		Release|Any CPU = Release|Any CPU
	EndGlobalSection
	GlobalSection(ProjectConfigurationPlatforms) = postSolution
		{3F926502-1D86-45B8-B222-056C1E766440}.Debug|Any CPU.ActiveCfg = Debug|Any CPU
		{3F926502-1D86-45B8-B222-056C1E766440}.Debug|Any CPU.Build.0 = Debug|Any CPU
		{3F926502-1D86-45B8-B222-056C1E766440}.Release|Any CPU.ActiveCfg = Release|Any CPU
		{3F926502-1D86-45B8-B222-056C1E766440}.Release|Any CPU.Build.0 = Release|Any CPU
		{AE876DF7-7EB1-4461-B9EE-CB294EFE06F0}.Debug|Any CPU.ActiveCfg = Debug|Any CPU
		{AE876DF7-7EB1-4461-B9EE-CB294EFE06F0}.Debug|Any CPU.Build.0 = Debug|Any CPU
		{AE876DF7-7EB1-4461-B9EE-CB294EFE06F0}.Release|Any CPU.ActiveCfg = Release|Any CPU
		{AE876DF7-7EB1-4461-B9EE-CB294EFE06F0}.Release|Any CPU.Build.0 = Release|Any CPU
		{B14902B1-FEDA-4134-B9D3-99F5B0D76CCC}.Debug|Any CPU.ActiveCfg = Debug|Any CPU
		{B14902B1-FEDA-4134-B9D3-99F5B0D76CCC}.Debug|Any CPU.Build.0 = Debug|Any CPU
		{B14902B1-FEDA-4134-B9D3-99F5B0D76CCC}.Release|Any CPU.ActiveCfg = Release|Any CPU
		{B14902B1-FEDA-4134-B9D3-99F5B0D76CCC}.Release|Any CPU.Build.0 = Release|Any CPU
		{F173BCB1-26C7-4688-B517-AA03740762DB}.Debug|Any CPU.ActiveCfg = Debug|Any CPU
		{F173BCB1-26C7-4688-B517-AA03740762DB}.Debug|Any CPU.Build.0 = Debug|Any CPU
		{F173BCB1-26C7-4688-B517-AA03740762DB}.Release|Any CPU.ActiveCfg = Release|Any CPU
		{F173BCB1-26C7-4688-B517-AA03740762DB}.Release|Any CPU.Build.0 = Release|Any CPU
		{DCD121DF-91AD-413B-ADDF-CBFC0DF55C18}.Debug|Any CPU.ActiveCfg = Debug|Any CPU
		{DCD121DF-91AD-413B-ADDF-CBFC0DF55C18}.Debug|Any CPU.Build.0 = Debug|Any CPU
		{DCD121DF-91AD-413B-ADDF-CBFC0DF55C18}.Release|Any CPU.ActiveCfg = Release|Any CPU
		{DCD121DF-91AD-413B-ADDF-CBFC0DF55C18}.Release|Any CPU.Build.0 = Release|Any CPU
	EndGlobalSection
	GlobalSection(SolutionProperties) = preSolution
		HideSolutionNode = FALSE
	EndGlobalSection
	GlobalSection(ExtensibilityGlobals) = postSolution
		SolutionGuid = {05191D52-B17D-4449-BE8F-26B3F4F081A5}
	EndGlobalSection
EndGlobal
