
Microsoft Visual Studio Solution File, Format Version 12.00
# Visual Studio 15
VisualStudioVersion = 15.0.27703.2026
MinimumVisualStudioVersion = 10.0.40219.1
Project("{FAE04EC0-301F-11D3-BF4B-00C04F79EFBC}") = "MSBLOC.Core.Tests", "MSBLOC.Core.Tests\MSBLOC.Core.Tests.csproj", "{94410DA8-F1D9-4983-9814-0850F8EF1DA7}"
	ProjectSection(ProjectDependencies) = postProject
		{3F926502-1D86-45B8-B222-056C1E766440} = {3F926502-1D86-45B8-B222-056C1E766440}
	EndProjectSection
EndProject
Project("{2150E333-8FDC-42A3-9474-1A3956D46DE8}") = "Octokit.Net", "Octokit.Net", "{4C9CF0E8-D88F-461B-A53B-DD702D39AE47}"
EndProject
Project("{FAE04EC0-301F-11D3-BF4B-00C04F79EFBC}") = "MSBLOC.Web", "MSBLOC.Web\MSBLOC.Web.csproj", "{D380B199-8568-4183-B3E6-0D2ACD79A0EB}"
EndProject
Project("{FAE04EC0-301F-11D3-BF4B-00C04F79EFBC}") = "MSBLOC.Web.Tests", "MSBLOC.Web.Tests\MSBLOC.Web.Tests.csproj", "{EA50DC88-70CC-4BFC-9C8F-3641450ED8DC}"
EndProject
Project("{9A19103F-16F7-4668-BE54-9A1E7A4F7556}") = "Octokit", "octokit.net\Octokit\Octokit.csproj", "{42CA5731-868A-442B-8355-F4FE177730F6}"
EndProject
Project("{9A19103F-16F7-4668-BE54-9A1E7A4F7556}") = "MSBLOC.Core", "MSBLOC.Core\MSBLOC.Core.csproj", "{3F926502-1D86-45B8-B222-056C1E766440}"
	ProjectSection(ProjectDependencies) = postProject
		{42CA5731-868A-442B-8355-F4FE177730F6} = {42CA5731-868A-442B-8355-F4FE177730F6}
	EndProjectSection
EndProject
Global
	GlobalSection(SolutionConfigurationPlatforms) = preSolution
		Debug|Any CPU = Debug|Any CPU
		Release|Any CPU = Release|Any CPU
	EndGlobalSection
	GlobalSection(ProjectConfigurationPlatforms) = postSolution
		{94410DA8-F1D9-4983-9814-0850F8EF1DA7}.Debug|Any CPU.ActiveCfg = Debug|Any CPU
		{94410DA8-F1D9-4983-9814-0850F8EF1DA7}.Debug|Any CPU.Build.0 = Debug|Any CPU
		{94410DA8-F1D9-4983-9814-0850F8EF1DA7}.Release|Any CPU.ActiveCfg = Release|Any CPU
		{94410DA8-F1D9-4983-9814-0850F8EF1DA7}.Release|Any CPU.Build.0 = Release|Any CPU
		{D380B199-8568-4183-B3E6-0D2ACD79A0EB}.Debug|Any CPU.ActiveCfg = Debug|Any CPU
		{D380B199-8568-4183-B3E6-0D2ACD79A0EB}.Debug|Any CPU.Build.0 = Debug|Any CPU
		{D380B199-8568-4183-B3E6-0D2ACD79A0EB}.Release|Any CPU.ActiveCfg = Release|Any CPU
		{D380B199-8568-4183-B3E6-0D2ACD79A0EB}.Release|Any CPU.Build.0 = Release|Any CPU
		{EA50DC88-70CC-4BFC-9C8F-3641450ED8DC}.Debug|Any CPU.ActiveCfg = Debug|Any CPU
		{EA50DC88-70CC-4BFC-9C8F-3641450ED8DC}.Debug|Any CPU.Build.0 = Debug|Any CPU
		{EA50DC88-70CC-4BFC-9C8F-3641450ED8DC}.Release|Any CPU.ActiveCfg = Release|Any CPU
		{EA50DC88-70CC-4BFC-9C8F-3641450ED8DC}.Release|Any CPU.Build.0 = Release|Any CPU
		{42CA5731-868A-442B-8355-F4FE177730F6}.Debug|Any CPU.ActiveCfg = Debug|Any CPU
		{42CA5731-868A-442B-8355-F4FE177730F6}.Debug|Any CPU.Build.0 = Debug|Any CPU
		{42CA5731-868A-442B-8355-F4FE177730F6}.Release|Any CPU.ActiveCfg = Release|Any CPU
		{42CA5731-868A-442B-8355-F4FE177730F6}.Release|Any CPU.Build.0 = Release|Any CPU
		{3F926502-1D86-45B8-B222-056C1E766440}.Debug|Any CPU.ActiveCfg = Debug|Any CPU
		{3F926502-1D86-45B8-B222-056C1E766440}.Debug|Any CPU.Build.0 = Debug|Any CPU
		{3F926502-1D86-45B8-B222-056C1E766440}.Release|Any CPU.ActiveCfg = Release|Any CPU
		{3F926502-1D86-45B8-B222-056C1E766440}.Release|Any CPU.Build.0 = Release|Any CPU
	EndGlobalSection
	GlobalSection(SolutionProperties) = preSolution
		HideSolutionNode = FALSE
	EndGlobalSection
	GlobalSection(NestedProjects) = preSolution
		{42CA5731-868A-442B-8355-F4FE177730F6} = {4C9CF0E8-D88F-461B-A53B-DD702D39AE47}
	EndGlobalSection
	GlobalSection(ExtensibilityGlobals) = postSolution
		SolutionGuid = {05191D52-B17D-4449-BE8F-26B3F4F081A5}
	EndGlobalSection
EndGlobal
